
Microsoft Visual Studio Solution File, Format Version 12.00
# Visual Studio Version 17
VisualStudioVersion = 17.12.35707.178 d17.12
MinimumVisualStudioVersion = 10.0.40219.1
Project("{FAE04EC0-301F-11D3-BF4B-00C04F79EFBC}") = "BudgetingAndExpenseTracker.Domain", "BudgetingAndExpenseTracker.Domain\BudgetingAndExpenseTracker.Domain.csproj", "{CBC67E0A-5A43-46C1-BDF4-AC1F7A874510}"
EndProject
Project("{FAE04EC0-301F-11D3-BF4B-00C04F79EFBC}") = "BudgetingAndExpenseTracker.Service", "BudgetingAndExpenseTracker.Service\BudgetingAndExpenseTracker.Service.csproj", "{66465742-6824-44A1-8A96-8FF3BBA0FB47}"
EndProject
Project("{FAE04EC0-301F-11D3-BF4B-00C04F79EFBC}") = "BudgetingAndExpenseTracker.DataAccess", "BudgetingAndExpenseTracker.DataAccess\BudgetingAndExpenseTracker.DataAccess.csproj", "{90187696-3A9A-4303-9655-B36DBED67AC8}"
EndProject
Project("{FAE04EC0-301F-11D3-BF4B-00C04F79EFBC}") = "BudgetingAndExpenseTracker.API", "BudgetingAndExpenseTracker.API\BudgetingAndExpenseTracker.API.csproj", "{E8C7C0F9-7FEA-4EC5-8766-D451DBEF7699}"
EndProject
Global
	GlobalSection(SolutionConfigurationPlatforms) = preSolution
		Debug|Any CPU = Debug|Any CPU
		Release|Any CPU = Release|Any CPU
	EndGlobalSection
	GlobalSection(ProjectConfigurationPlatforms) = postSolution
		{CBC67E0A-5A43-46C1-BDF4-AC1F7A874510}.Debug|Any CPU.ActiveCfg = Debug|Any CPU
		{CBC67E0A-5A43-46C1-BDF4-AC1F7A874510}.Debug|Any CPU.Build.0 = Debug|Any CPU
		{CBC67E0A-5A43-46C1-BDF4-AC1F7A874510}.Release|Any CPU.ActiveCfg = Release|Any CPU
		{CBC67E0A-5A43-46C1-BDF4-AC1F7A874510}.Release|Any CPU.Build.0 = Release|Any CPU
		{66465742-6824-44A1-8A96-8FF3BBA0FB47}.Debug|Any CPU.ActiveCfg = Debug|Any CPU
		{66465742-6824-44A1-8A96-8FF3BBA0FB47}.Debug|Any CPU.Build.0 = Debug|Any CPU
		{66465742-6824-44A1-8A96-8FF3BBA0FB47}.Release|Any CPU.ActiveCfg = Release|Any CPU
		{66465742-6824-44A1-8A96-8FF3BBA0FB47}.Release|Any CPU.Build.0 = Release|Any CPU
		{90187696-3A9A-4303-9655-B36DBED67AC8}.Debug|Any CPU.ActiveCfg = Debug|Any CPU
		{90187696-3A9A-4303-9655-B36DBED67AC8}.Debug|Any CPU.Build.0 = Debug|Any CPU
		{90187696-3A9A-4303-9655-B36DBED67AC8}.Release|Any CPU.ActiveCfg = Release|Any CPU
		{90187696-3A9A-4303-9655-B36DBED67AC8}.Release|Any CPU.Build.0 = Release|Any CPU
		{E8C7C0F9-7FEA-4EC5-8766-D451DBEF7699}.Debug|Any CPU.ActiveCfg = Debug|Any CPU
		{E8C7C0F9-7FEA-4EC5-8766-D451DBEF7699}.Debug|Any CPU.Build.0 = Debug|Any CPU
		{E8C7C0F9-7FEA-4EC5-8766-D451DBEF7699}.Release|Any CPU.ActiveCfg = Release|Any CPU
		{E8C7C0F9-7FEA-4EC5-8766-D451DBEF7699}.Release|Any CPU.Build.0 = Release|Any CPU
	EndGlobalSection
	GlobalSection(SolutionProperties) = preSolution
		HideSolutionNode = FALSE
	EndGlobalSection
EndGlobal
