
Microsoft Visual Studio Solution File, Format Version 12.00
# Visual Studio Version 17
VisualStudioVersion = 17.12.35707.178
MinimumVisualStudioVersion = 10.0.40219.1
Project("{9A19103F-16F7-4668-BE54-9A1E7A4F7556}") = "BudgetingExpense.api", "BudgetingExpense\BudgetingExpense.api.csproj", "{F3531FDA-F08E-4D3D-95B2-7AEA9A962A88}"
EndProject
Project("{FAE04EC0-301F-11D3-BF4B-00C04F79EFBC}") = "BudgetingExpenses.Service", "BudgetingExpenses.Service\BudgetingExpenses.Service.csproj", "{28CB7685-AA78-4F62-B8D9-A5D033D1725D}"
EndProject
Project("{FAE04EC0-301F-11D3-BF4B-00C04F79EFBC}") = "BudgetingExpense.DataAccess", "BadgetingExpense.DataAccess\BudgetingExpense.DataAccess.csproj", "{D0FB4265-D600-4DE4-BE4C-46385F8CDD90}"
EndProject
Project("{FAE04EC0-301F-11D3-BF4B-00C04F79EFBC}") = "BudgetingExpense.Domain", "BadgetingExpense.Domain\BudgetingExpense.Domain.csproj", "{90B37D13-084F-4770-AC2D-C11981D79566}"
EndProject
Global
	GlobalSection(SolutionConfigurationPlatforms) = preSolution
		Debug|Any CPU = Debug|Any CPU
		Release|Any CPU = Release|Any CPU
	EndGlobalSection
	GlobalSection(ProjectConfigurationPlatforms) = postSolution
		{F3531FDA-F08E-4D3D-95B2-7AEA9A962A88}.Debug|Any CPU.ActiveCfg = Debug|Any CPU
		{F3531FDA-F08E-4D3D-95B2-7AEA9A962A88}.Debug|Any CPU.Build.0 = Debug|Any CPU
		{F3531FDA-F08E-4D3D-95B2-7AEA9A962A88}.Release|Any CPU.ActiveCfg = Release|Any CPU
		{F3531FDA-F08E-4D3D-95B2-7AEA9A962A88}.Release|Any CPU.Build.0 = Release|Any CPU
		{28CB7685-AA78-4F62-B8D9-A5D033D1725D}.Debug|Any CPU.ActiveCfg = Debug|Any CPU
		{28CB7685-AA78-4F62-B8D9-A5D033D1725D}.Debug|Any CPU.Build.0 = Debug|Any CPU
		{28CB7685-AA78-4F62-B8D9-A5D033D1725D}.Release|Any CPU.ActiveCfg = Release|Any CPU
		{28CB7685-AA78-4F62-B8D9-A5D033D1725D}.Release|Any CPU.Build.0 = Release|Any CPU
		{D0FB4265-D600-4DE4-BE4C-46385F8CDD90}.Debug|Any CPU.ActiveCfg = Debug|Any CPU
		{D0FB4265-D600-4DE4-BE4C-46385F8CDD90}.Debug|Any CPU.Build.0 = Debug|Any CPU
		{D0FB4265-D600-4DE4-BE4C-46385F8CDD90}.Release|Any CPU.ActiveCfg = Release|Any CPU
		{D0FB4265-D600-4DE4-BE4C-46385F8CDD90}.Release|Any CPU.Build.0 = Release|Any CPU
		{90B37D13-084F-4770-AC2D-C11981D79566}.Debug|Any CPU.ActiveCfg = Debug|Any CPU
		{90B37D13-084F-4770-AC2D-C11981D79566}.Debug|Any CPU.Build.0 = Debug|Any CPU
		{90B37D13-084F-4770-AC2D-C11981D79566}.Release|Any CPU.ActiveCfg = Release|Any CPU
		{90B37D13-084F-4770-AC2D-C11981D79566}.Release|Any CPU.Build.0 = Release|Any CPU
	EndGlobalSection
	GlobalSection(SolutionProperties) = preSolution
		HideSolutionNode = FALSE
	EndGlobalSection
	GlobalSection(ExtensibilityGlobals) = postSolution
		SolutionGuid = {62E62B89-F03A-4087-A526-95BC6D08DBD7}
	EndGlobalSection
EndGlobal
